
Microsoft Visual Studio Solution File, Format Version 12.00
# Visual Studio 15
VisualStudioVersion = 15.0.28010.2026
MinimumVisualStudioVersion = 10.0.40219.1
Project("{2150E333-8FDC-42A3-9474-1A3956D46DE8}") = "Application", "Application", "{A506FFA5-DE00-4EDD-A220-038AEAAE579D}"
EndProject
Project("{FAE04EC0-301F-11D3-BF4B-00C04F79EFBC}") = "WNKLab.Application.MVC", "WNKLab.Application.MVC\WNKLab.Application.MVC.csproj", "{439643C7-203F-43E2-B820-397B64AB2BAA}"
EndProject
Project("{2150E333-8FDC-42A3-9474-1A3956D46DE8}") = "Domain", "Domain", "{B92674F4-F498-4C0C-BE4C-8F47B4AB0EF5}"
EndProject
Project("{2150E333-8FDC-42A3-9474-1A3956D46DE8}") = "Infra", "Infra", "{9ECBB07F-BEA0-432B-A660-43FCBA043EBB}"
EndProject
Project("{FAE04EC0-301F-11D3-BF4B-00C04F79EFBC}") = "WNKLab.Infra.Repository", "WNKLab.Infra.Repository\WNKLab.Infra.Repository.csproj", "{3BD897E9-98B3-4486-A700-43CF22CA878E}"
EndProject
Project("{FAE04EC0-301F-11D3-BF4B-00C04F79EFBC}") = "WNKLab.Application", "WNKLab.Application\WNKLab.Application.csproj", "{7FC5FFBC-1B66-4204-BF83-72AAB7B119E8}"
EndProject
Project("{FAE04EC0-301F-11D3-BF4B-00C04F79EFBC}") = "WNKLab.Domain", "WNKLab.Domain\WNKLab.Domain.csproj", "{C9C6271E-6465-47D0-8890-BAF5B0CCAD5C}"
EndProject
Project("{00D1A9C2-B5F0-4AF3-8072-F6C62B433612}") = "WNKLab.Infra.Database", "WNKLab.Infra.Database\WNKLab.Infra.Database.sqlproj", "{149EC584-970A-4FC7-84DD-B758B9413E02}"
EndProject
Global
	GlobalSection(SolutionConfigurationPlatforms) = preSolution
		Debug|Any CPU = Debug|Any CPU
		Release|Any CPU = Release|Any CPU
	EndGlobalSection
	GlobalSection(ProjectConfigurationPlatforms) = postSolution
		{439643C7-203F-43E2-B820-397B64AB2BAA}.Debug|Any CPU.ActiveCfg = Debug|Any CPU
		{439643C7-203F-43E2-B820-397B64AB2BAA}.Debug|Any CPU.Build.0 = Debug|Any CPU
		{439643C7-203F-43E2-B820-397B64AB2BAA}.Release|Any CPU.ActiveCfg = Release|Any CPU
		{439643C7-203F-43E2-B820-397B64AB2BAA}.Release|Any CPU.Build.0 = Release|Any CPU
		{3BD897E9-98B3-4486-A700-43CF22CA878E}.Debug|Any CPU.ActiveCfg = Debug|Any CPU
		{3BD897E9-98B3-4486-A700-43CF22CA878E}.Debug|Any CPU.Build.0 = Debug|Any CPU
		{3BD897E9-98B3-4486-A700-43CF22CA878E}.Release|Any CPU.ActiveCfg = Release|Any CPU
		{3BD897E9-98B3-4486-A700-43CF22CA878E}.Release|Any CPU.Build.0 = Release|Any CPU
		{7FC5FFBC-1B66-4204-BF83-72AAB7B119E8}.Debug|Any CPU.ActiveCfg = Debug|Any CPU
		{7FC5FFBC-1B66-4204-BF83-72AAB7B119E8}.Debug|Any CPU.Build.0 = Debug|Any CPU
		{7FC5FFBC-1B66-4204-BF83-72AAB7B119E8}.Release|Any CPU.ActiveCfg = Release|Any CPU
		{7FC5FFBC-1B66-4204-BF83-72AAB7B119E8}.Release|Any CPU.Build.0 = Release|Any CPU
		{C9C6271E-6465-47D0-8890-BAF5B0CCAD5C}.Debug|Any CPU.ActiveCfg = Debug|Any CPU
		{C9C6271E-6465-47D0-8890-BAF5B0CCAD5C}.Debug|Any CPU.Build.0 = Debug|Any CPU
		{C9C6271E-6465-47D0-8890-BAF5B0CCAD5C}.Release|Any CPU.ActiveCfg = Release|Any CPU
		{C9C6271E-6465-47D0-8890-BAF5B0CCAD5C}.Release|Any CPU.Build.0 = Release|Any CPU
		{149EC584-970A-4FC7-84DD-B758B9413E02}.Debug|Any CPU.ActiveCfg = Debug|Any CPU
		{149EC584-970A-4FC7-84DD-B758B9413E02}.Debug|Any CPU.Build.0 = Debug|Any CPU
		{149EC584-970A-4FC7-84DD-B758B9413E02}.Debug|Any CPU.Deploy.0 = Debug|Any CPU
		{149EC584-970A-4FC7-84DD-B758B9413E02}.Release|Any CPU.ActiveCfg = Release|Any CPU
		{149EC584-970A-4FC7-84DD-B758B9413E02}.Release|Any CPU.Build.0 = Release|Any CPU
		{149EC584-970A-4FC7-84DD-B758B9413E02}.Release|Any CPU.Deploy.0 = Release|Any CPU
	EndGlobalSection
	GlobalSection(SolutionProperties) = preSolution
		HideSolutionNode = FALSE
	EndGlobalSection
	GlobalSection(NestedProjects) = preSolution
		{439643C7-203F-43E2-B820-397B64AB2BAA} = {A506FFA5-DE00-4EDD-A220-038AEAAE579D}
		{3BD897E9-98B3-4486-A700-43CF22CA878E} = {9ECBB07F-BEA0-432B-A660-43FCBA043EBB}
		{7FC5FFBC-1B66-4204-BF83-72AAB7B119E8} = {A506FFA5-DE00-4EDD-A220-038AEAAE579D}
		{C9C6271E-6465-47D0-8890-BAF5B0CCAD5C} = {B92674F4-F498-4C0C-BE4C-8F47B4AB0EF5}
		{149EC584-970A-4FC7-84DD-B758B9413E02} = {9ECBB07F-BEA0-432B-A660-43FCBA043EBB}
	EndGlobalSection
	GlobalSection(ExtensibilityGlobals) = postSolution
		SolutionGuid = {A149B216-5C18-43C0-ADFB-2E29C977278F}
	EndGlobalSection
EndGlobal
